// !$*UTF8*$!
{
	archiveVersion = 1;
	classes = {
	};
	objectVersion = 55;
	objects = {

/* Begin PBXBuildFile section */
		1F034D1B2704796400053F20 /* AppDelegate.swift in Sources */ = {isa = PBXBuildFile; fileRef = 1F034D1A2704796400053F20 /* AppDelegate.swift */; };
		1F034D1D2704796400053F20 /* SceneDelegate.swift in Sources */ = {isa = PBXBuildFile; fileRef = 1F034D1C2704796400053F20 /* SceneDelegate.swift */; };
		1F034D1F2704796400053F20 /* ViewController.swift in Sources */ = {isa = PBXBuildFile; fileRef = 1F034D1E2704796400053F20 /* ViewController.swift */; };
		1F034D222704796400053F20 /* Main.storyboard in Resources */ = {isa = PBXBuildFile; fileRef = 1F034D202704796400053F20 /* Main.storyboard */; };
		1F034D242704796800053F20 /* Assets.xcassets in Resources */ = {isa = PBXBuildFile; fileRef = 1F034D232704796800053F20 /* Assets.xcassets */; };
		1F034D272704796800053F20 /* LaunchScreen.storyboard in Resources */ = {isa = PBXBuildFile; fileRef = 1F034D252704796800053F20 /* LaunchScreen.storyboard */; };
		1F034D322704796800053F20 /* MVVMTestDemoTests.swift in Sources */ = {isa = PBXBuildFile; fileRef = 1F034D312704796800053F20 /* MVVMTestDemoTests.swift */; };
		1F034D3C2704796800053F20 /* MVVMTestDemoUITests.swift in Sources */ = {isa = PBXBuildFile; fileRef = 1F034D3B2704796800053F20 /* MVVMTestDemoUITests.swift */; };
		1F034D3E2704796800053F20 /* MVVMTestDemoUITestsLaunchTests.swift in Sources */ = {isa = PBXBuildFile; fileRef = 1F034D3D2704796800053F20 /* MVVMTestDemoUITestsLaunchTests.swift */; };
		1F034D5327047C2100053F20 /* UserModel.swift in Sources */ = {isa = PBXBuildFile; fileRef = 1F034D5227047C2100053F20 /* UserModel.swift */; };
		1F034D5527047C5E00053F20 /* UserViewModel.swift in Sources */ = {isa = PBXBuildFile; fileRef = 1F034D5427047C5E00053F20 /* UserViewModel.swift */; };
		1F034D5A2704810C00053F20 /* UserCell.swift in Sources */ = {isa = PBXBuildFile; fileRef = 1F034D582704810C00053F20 /* UserCell.swift */; };
		1F034D5B2704810C00053F20 /* UserCell.xib in Resources */ = {isa = PBXBuildFile; fileRef = 1F034D592704810C00053F20 /* UserCell.xib */; };
		988632481DFB06A874103DD9 /* Pods_MVVMTestDemo_MVVMTestDemoUITests.framework in Frameworks */ = {isa = PBXBuildFile; fileRef = FD61DBF158D9E743A3CFF8EB /* Pods_MVVMTestDemo_MVVMTestDemoUITests.framework */; };
		C6959BF08B3F51B6ACF1303B /* Pods_MVVMTestDemo.framework in Frameworks */ = {isa = PBXBuildFile; fileRef = B12836C2EB0D5D7BBF665F69 /* Pods_MVVMTestDemo.framework */; };
		E4E4D299AA4F4980E3228B28 /* Pods_MVVMTestDemoTests.framework in Frameworks */ = {isa = PBXBuildFile; fileRef = E1A0074A90383095D65DDBD8 /* Pods_MVVMTestDemoTests.framework */; };
/* End PBXBuildFile section */

/* Begin PBXContainerItemProxy section */
		1F034D2E2704796800053F20 /* PBXContainerItemProxy */ = {
			isa = PBXContainerItemProxy;
			containerPortal = 1F034D0F2704796400053F20 /* Project object */;
			proxyType = 1;
			remoteGlobalIDString = 1F034D162704796400053F20;
			remoteInfo = MVVMTestDemo;
		};
		1F034D382704796800053F20 /* PBXContainerItemProxy */ = {
			isa = PBXContainerItemProxy;
			containerPortal = 1F034D0F2704796400053F20 /* Project object */;
			proxyType = 1;
			remoteGlobalIDString = 1F034D162704796400053F20;
			remoteInfo = MVVMTestDemo;
		};
/* End PBXContainerItemProxy section */

/* Begin PBXFileReference section */
		1F034D172704796400053F20 /* MVVMTestDemo.app */ = {isa = PBXFileReference; explicitFileType = wrapper.application; includeInIndex = 0; path = MVVMTestDemo.app; sourceTree = BUILT_PRODUCTS_DIR; };
		1F034D1A2704796400053F20 /* AppDelegate.swift */ = {isa = PBXFileReference; lastKnownFileType = sourcecode.swift; path = AppDelegate.swift; sourceTree = "<group>"; };
		1F034D1C2704796400053F20 /* SceneDelegate.swift */ = {isa = PBXFileReference; lastKnownFileType = sourcecode.swift; path = SceneDelegate.swift; sourceTree = "<group>"; };
		1F034D1E2704796400053F20 /* ViewController.swift */ = {isa = PBXFileReference; lastKnownFileType = sourcecode.swift; path = ViewController.swift; sourceTree = "<group>"; };
		1F034D212704796400053F20 /* Base */ = {isa = PBXFileReference; lastKnownFileType = file.storyboard; name = Base; path = Base.lproj/Main.storyboard; sourceTree = "<group>"; };
		1F034D232704796800053F20 /* Assets.xcassets */ = {isa = PBXFileReference; lastKnownFileType = folder.assetcatalog; path = Assets.xcassets; sourceTree = "<group>"; };
		1F034D262704796800053F20 /* Base */ = {isa = PBXFileReference; lastKnownFileType = file.storyboard; name = Base; path = Base.lproj/LaunchScreen.storyboard; sourceTree = "<group>"; };
		1F034D282704796800053F20 /* Info.plist */ = {isa = PBXFileReference; lastKnownFileType = text.plist.xml; path = Info.plist; sourceTree = "<group>"; };
		1F034D2D2704796800053F20 /* MVVMTestDemoTests.xctest */ = {isa = PBXFileReference; explicitFileType = wrapper.cfbundle; includeInIndex = 0; path = MVVMTestDemoTests.xctest; sourceTree = BUILT_PRODUCTS_DIR; };
		1F034D312704796800053F20 /* MVVMTestDemoTests.swift */ = {isa = PBXFileReference; lastKnownFileType = sourcecode.swift; path = MVVMTestDemoTests.swift; sourceTree = "<group>"; };
		1F034D372704796800053F20 /* MVVMTestDemoUITests.xctest */ = {isa = PBXFileReference; explicitFileType = wrapper.cfbundle; includeInIndex = 0; path = MVVMTestDemoUITests.xctest; sourceTree = BUILT_PRODUCTS_DIR; };
		1F034D3B2704796800053F20 /* MVVMTestDemoUITests.swift */ = {isa = PBXFileReference; lastKnownFileType = sourcecode.swift; path = MVVMTestDemoUITests.swift; sourceTree = "<group>"; };
		1F034D3D2704796800053F20 /* MVVMTestDemoUITestsLaunchTests.swift */ = {isa = PBXFileReference; lastKnownFileType = sourcecode.swift; path = MVVMTestDemoUITestsLaunchTests.swift; sourceTree = "<group>"; };
		1F034D5227047C2100053F20 /* UserModel.swift */ = {isa = PBXFileReference; fileEncoding = 4; lastKnownFileType = sourcecode.swift; path = UserModel.swift; sourceTree = "<group>"; };
		1F034D5427047C5E00053F20 /* UserViewModel.swift */ = {isa = PBXFileReference; lastKnownFileType = sourcecode.swift; path = UserViewModel.swift; sourceTree = "<group>"; };
		1F034D582704810C00053F20 /* UserCell.swift */ = {isa = PBXFileReference; lastKnownFileType = sourcecode.swift; path = UserCell.swift; sourceTree = "<group>"; };
		1F034D592704810C00053F20 /* UserCell.xib */ = {isa = PBXFileReference; lastKnownFileType = file.xib; path = UserCell.xib; sourceTree = "<group>"; };
		384B6DF64B049E198FE1CBA0 /* Pods-MVVMTestDemoTests.release.xcconfig */ = {isa = PBXFileReference; includeInIndex = 1; lastKnownFileType = text.xcconfig; name = "Pods-MVVMTestDemoTests.release.xcconfig"; path = "Target Support Files/Pods-MVVMTestDemoTests/Pods-MVVMTestDemoTests.release.xcconfig"; sourceTree = "<group>"; };
		8E59539A642624B3A7AC3FD8 /* Pods-MVVMTestDemo-MVVMTestDemoUITests.debug.xcconfig */ = {isa = PBXFileReference; includeInIndex = 1; lastKnownFileType = text.xcconfig; name = "Pods-MVVMTestDemo-MVVMTestDemoUITests.debug.xcconfig"; path = "Target Support Files/Pods-MVVMTestDemo-MVVMTestDemoUITests/Pods-MVVMTestDemo-MVVMTestDemoUITests.debug.xcconfig"; sourceTree = "<group>"; };
		B03F90B88FFADDB9D7367A3A /* Pods-MVVMTestDemo.release.xcconfig */ = {isa = PBXFileReference; includeInIndex = 1; lastKnownFileType = text.xcconfig; name = "Pods-MVVMTestDemo.release.xcconfig"; path = "Target Support Files/Pods-MVVMTestDemo/Pods-MVVMTestDemo.release.xcconfig"; sourceTree = "<group>"; };
		B12836C2EB0D5D7BBF665F69 /* Pods_MVVMTestDemo.framework */ = {isa = PBXFileReference; explicitFileType = wrapper.framework; includeInIndex = 0; path = Pods_MVVMTestDemo.framework; sourceTree = BUILT_PRODUCTS_DIR; };
		E1A0074A90383095D65DDBD8 /* Pods_MVVMTestDemoTests.framework */ = {isa = PBXFileReference; explicitFileType = wrapper.framework; includeInIndex = 0; path = Pods_MVVMTestDemoTests.framework; sourceTree = BUILT_PRODUCTS_DIR; };
		E4CF9BACADE68A50B5AF00D4 /* Pods-MVVMTestDemo-MVVMTestDemoUITests.release.xcconfig */ = {isa = PBXFileReference; includeInIndex = 1; lastKnownFileType = text.xcconfig; name = "Pods-MVVMTestDemo-MVVMTestDemoUITests.release.xcconfig"; path = "Target Support Files/Pods-MVVMTestDemo-MVVMTestDemoUITests/Pods-MVVMTestDemo-MVVMTestDemoUITests.release.xcconfig"; sourceTree = "<group>"; };
		E66661E995FE1F5CD2BF13C6 /* Pods-MVVMTestDemo.debug.xcconfig */ = {isa = PBXFileReference; includeInIndex = 1; lastKnownFileType = text.xcconfig; name = "Pods-MVVMTestDemo.debug.xcconfig"; path = "Target Support Files/Pods-MVVMTestDemo/Pods-MVVMTestDemo.debug.xcconfig"; sourceTree = "<group>"; };
		FA0EC102C09C405D1FE06852 /* Pods-MVVMTestDemoTests.debug.xcconfig */ = {isa = PBXFileReference; includeInIndex = 1; lastKnownFileType = text.xcconfig; name = "Pods-MVVMTestDemoTests.debug.xcconfig"; path = "Target Support Files/Pods-MVVMTestDemoTests/Pods-MVVMTestDemoTests.debug.xcconfig"; sourceTree = "<group>"; };
		FD61DBF158D9E743A3CFF8EB /* Pods_MVVMTestDemo_MVVMTestDemoUITests.framework */ = {isa = PBXFileReference; explicitFileType = wrapper.framework; includeInIndex = 0; path = Pods_MVVMTestDemo_MVVMTestDemoUITests.framework; sourceTree = BUILT_PRODUCTS_DIR; };
/* End PBXFileReference section */

/* Begin PBXFrameworksBuildPhase section */
		1F034D142704796400053F20 /* Frameworks */ = {
			isa = PBXFrameworksBuildPhase;
			buildActionMask = 2147483647;
			files = (
				C6959BF08B3F51B6ACF1303B /* Pods_MVVMTestDemo.framework in Frameworks */,
			);
			runOnlyForDeploymentPostprocessing = 0;
		};
		1F034D2A2704796800053F20 /* Frameworks */ = {
			isa = PBXFrameworksBuildPhase;
			buildActionMask = 2147483647;
			files = (
				E4E4D299AA4F4980E3228B28 /* Pods_MVVMTestDemoTests.framework in Frameworks */,
			);
			runOnlyForDeploymentPostprocessing = 0;
		};
		1F034D342704796800053F20 /* Frameworks */ = {
			isa = PBXFrameworksBuildPhase;
			buildActionMask = 2147483647;
			files = (
				988632481DFB06A874103DD9 /* Pods_MVVMTestDemo_MVVMTestDemoUITests.framework in Frameworks */,
			);
			runOnlyForDeploymentPostprocessing = 0;
		};
/* End PBXFrameworksBuildPhase section */

/* Begin PBXGroup section */
		1F034D0E2704796400053F20 = {
			isa = PBXGroup;
			children = (
				1F034D192704796400053F20 /* MVVMTestDemo */,
				1F034D302704796800053F20 /* MVVMTestDemoTests */,
				1F034D3A2704796800053F20 /* MVVMTestDemoUITests */,
				1F034D182704796400053F20 /* Products */,
				95F57E01E8A8CFD7AAC0506D /* Pods */,
				B8EE3712EF2E73B71395897D /* Frameworks */,
			);
			sourceTree = "<group>";
		};
		1F034D182704796400053F20 /* Products */ = {
			isa = PBXGroup;
			children = (
				1F034D172704796400053F20 /* MVVMTestDemo.app */,
				1F034D2D2704796800053F20 /* MVVMTestDemoTests.xctest */,
				1F034D372704796800053F20 /* MVVMTestDemoUITests.xctest */,
			);
			name = Products;
			sourceTree = "<group>";
		};
		1F034D192704796400053F20 /* MVVMTestDemo */ = {
			isa = PBXGroup;
			children = (
				1F034D4E270479D800053F20 /* App */,
				1F034D4A2704796F00053F20 /* Model */,
				1F034D4B2704797900053F20 /* ViewModel */,
				1F034D4C2704798300053F20 /* View */,
				1F034D4D2704798D00053F20 /* Controller */,
				1F034D232704796800053F20 /* Assets.xcassets */,
				1F034D282704796800053F20 /* Info.plist */,
			);
			path = MVVMTestDemo;
			sourceTree = "<group>";
		};
		1F034D302704796800053F20 /* MVVMTestDemoTests */ = {
			isa = PBXGroup;
			children = (
				1F034D312704796800053F20 /* MVVMTestDemoTests.swift */,
			);
			path = MVVMTestDemoTests;
			sourceTree = "<group>";
		};
		1F034D3A2704796800053F20 /* MVVMTestDemoUITests */ = {
			isa = PBXGroup;
			children = (
				1F034D3B2704796800053F20 /* MVVMTestDemoUITests.swift */,
				1F034D3D2704796800053F20 /* MVVMTestDemoUITestsLaunchTests.swift */,
			);
			path = MVVMTestDemoUITests;
			sourceTree = "<group>";
		};
		1F034D4A2704796F00053F20 /* Model */ = {
			isa = PBXGroup;
			children = (
				1F034D5227047C2100053F20 /* UserModel.swift */,
			);
			path = Model;
			sourceTree = "<group>";
		};
		1F034D4B2704797900053F20 /* ViewModel */ = {
			isa = PBXGroup;
			children = (
				1F034D5427047C5E00053F20 /* UserViewModel.swift */,
			);
			path = ViewModel;
			sourceTree = "<group>";
		};
		1F034D4C2704798300053F20 /* View */ = {
			isa = PBXGroup;
			children = (
				1F034D4F27047AF600053F20 /* XIB's */,
				1F034D202704796400053F20 /* Main.storyboard */,
				1F034D252704796800053F20 /* LaunchScreen.storyboard */,
			);
			path = View;
			sourceTree = "<group>";
		};
		1F034D4D2704798D00053F20 /* Controller */ = {
			isa = PBXGroup;
			children = (
				1F034D1E2704796400053F20 /* ViewController.swift */,
			);
			path = Controller;
			sourceTree = "<group>";
		};
		1F034D4E270479D800053F20 /* App */ = {
			isa = PBXGroup;
			children = (
				1F034D1A2704796400053F20 /* AppDelegate.swift */,
				1F034D1C2704796400053F20 /* SceneDelegate.swift */,
			);
			path = App;
			sourceTree = "<group>";
		};
		1F034D4F27047AF600053F20 /* XIB's */ = {
			isa = PBXGroup;
			children = (
				1F034D582704810C00053F20 /* UserCell.swift */,
				1F034D592704810C00053F20 /* UserCell.xib */,
			);
			path = "XIB's";
			sourceTree = "<group>";
		};
		95F57E01E8A8CFD7AAC0506D /* Pods */ = {
			isa = PBXGroup;
			children = (
				E66661E995FE1F5CD2BF13C6 /* Pods-MVVMTestDemo.debug.xcconfig */,
				B03F90B88FFADDB9D7367A3A /* Pods-MVVMTestDemo.release.xcconfig */,
				8E59539A642624B3A7AC3FD8 /* Pods-MVVMTestDemo-MVVMTestDemoUITests.debug.xcconfig */,
				E4CF9BACADE68A50B5AF00D4 /* Pods-MVVMTestDemo-MVVMTestDemoUITests.release.xcconfig */,
				FA0EC102C09C405D1FE06852 /* Pods-MVVMTestDemoTests.debug.xcconfig */,
				384B6DF64B049E198FE1CBA0 /* Pods-MVVMTestDemoTests.release.xcconfig */,
			);
			name = Pods;
			path = Pods;
			sourceTree = "<group>";
		};
		B8EE3712EF2E73B71395897D /* Frameworks */ = {
			isa = PBXGroup;
			children = (
				B12836C2EB0D5D7BBF665F69 /* Pods_MVVMTestDemo.framework */,
				FD61DBF158D9E743A3CFF8EB /* Pods_MVVMTestDemo_MVVMTestDemoUITests.framework */,
				E1A0074A90383095D65DDBD8 /* Pods_MVVMTestDemoTests.framework */,
			);
			name = Frameworks;
			sourceTree = "<group>";
		};
/* End PBXGroup section */

/* Begin PBXNativeTarget section */
		1F034D162704796400053F20 /* MVVMTestDemo */ = {
			isa = PBXNativeTarget;
			buildConfigurationList = 1F034D412704796800053F20 /* Build configuration list for PBXNativeTarget "MVVMTestDemo" */;
			buildPhases = (
				3BA90903765DB8988E82693B /* [CP] Check Pods Manifest.lock */,
				1F034D132704796400053F20 /* Sources */,
				1F034D142704796400053F20 /* Frameworks */,
				1F034D152704796400053F20 /* Resources */,
				9244E50C685A331423CCAC66 /* [CP] Embed Pods Frameworks */,
			);
			buildRules = (
			);
			dependencies = (
			);
			name = MVVMTestDemo;
			productName = MVVMTestDemo;
			productReference = 1F034D172704796400053F20 /* MVVMTestDemo.app */;
			productType = "com.apple.product-type.application";
		};
		1F034D2C2704796800053F20 /* MVVMTestDemoTests */ = {
			isa = PBXNativeTarget;
			buildConfigurationList = 1F034D442704796800053F20 /* Build configuration list for PBXNativeTarget "MVVMTestDemoTests" */;
			buildPhases = (
				E815F3440C3B350B4013A624 /* [CP] Check Pods Manifest.lock */,
				1F034D292704796800053F20 /* Sources */,
				1F034D2A2704796800053F20 /* Frameworks */,
				1F034D2B2704796800053F20 /* Resources */,
			);
			buildRules = (
			);
			dependencies = (
				1F034D2F2704796800053F20 /* PBXTargetDependency */,
			);
			name = MVVMTestDemoTests;
			productName = MVVMTestDemoTests;
			productReference = 1F034D2D2704796800053F20 /* MVVMTestDemoTests.xctest */;
			productType = "com.apple.product-type.bundle.unit-test";
		};
		1F034D362704796800053F20 /* MVVMTestDemoUITests */ = {
			isa = PBXNativeTarget;
			buildConfigurationList = 1F034D472704796800053F20 /* Build configuration list for PBXNativeTarget "MVVMTestDemoUITests" */;
			buildPhases = (
				4A70E9EEA74A5EF80CE38F9D /* [CP] Check Pods Manifest.lock */,
				1F034D332704796800053F20 /* Sources */,
				1F034D342704796800053F20 /* Frameworks */,
				1F034D352704796800053F20 /* Resources */,
				A06748350384D817610BECB6 /* [CP] Embed Pods Frameworks */,
			);
			buildRules = (
			);
			dependencies = (
				1F034D392704796800053F20 /* PBXTargetDependency */,
			);
			name = MVVMTestDemoUITests;
			productName = MVVMTestDemoUITests;
			productReference = 1F034D372704796800053F20 /* MVVMTestDemoUITests.xctest */;
			productType = "com.apple.product-type.bundle.ui-testing";
		};
/* End PBXNativeTarget section */

/* Begin PBXProject section */
		1F034D0F2704796400053F20 /* Project object */ = {
			isa = PBXProject;
			attributes = {
				BuildIndependentTargetsInParallel = 1;
				LastSwiftUpdateCheck = 1300;
				LastUpgradeCheck = 1300;
				TargetAttributes = {
					1F034D162704796400053F20 = {
						CreatedOnToolsVersion = 13.0;
					};
					1F034D2C2704796800053F20 = {
						CreatedOnToolsVersion = 13.0;
						TestTargetID = 1F034D162704796400053F20;
					};
					1F034D362704796800053F20 = {
						CreatedOnToolsVersion = 13.0;
						TestTargetID = 1F034D162704796400053F20;
					};
				};
			};
			buildConfigurationList = 1F034D122704796400053F20 /* Build configuration list for PBXProject "MVVMTestDemo" */;
			compatibilityVersion = "Xcode 13.0";
			developmentRegion = en;
			hasScannedForEncodings = 0;
			knownRegions = (
				en,
				Base,
			);
			mainGroup = 1F034D0E2704796400053F20;
			productRefGroup = 1F034D182704796400053F20 /* Products */;
			projectDirPath = "";
			projectRoot = "";
			targets = (
				1F034D162704796400053F20 /* MVVMTestDemo */,
				1F034D2C2704796800053F20 /* MVVMTestDemoTests */,
				1F034D362704796800053F20 /* MVVMTestDemoUITests */,
			);
		};
/* End PBXProject section */

/* Begin PBXResourcesBuildPhase section */
		1F034D152704796400053F20 /* Resources */ = {
			isa = PBXResourcesBuildPhase;
			buildActionMask = 2147483647;
			files = (
				1F034D5B2704810C00053F20 /* UserCell.xib in Resources */,
				1F034D272704796800053F20 /* LaunchScreen.storyboard in Resources */,
				1F034D242704796800053F20 /* Assets.xcassets in Resources */,
				1F034D222704796400053F20 /* Main.storyboard in Resources */,
			);
			runOnlyForDeploymentPostprocessing = 0;
		};
		1F034D2B2704796800053F20 /* Resources */ = {
			isa = PBXResourcesBuildPhase;
			buildActionMask = 2147483647;
			files = (
			);
			runOnlyForDeploymentPostprocessing = 0;
		};
		1F034D352704796800053F20 /* Resources */ = {
			isa = PBXResourcesBuildPhase;
			buildActionMask = 2147483647;
			files = (
			);
			runOnlyForDeploymentPostprocessing = 0;
		};
/* End PBXResourcesBuildPhase section */

/* Begin PBXShellScriptBuildPhase section */
		3BA90903765DB8988E82693B /* [CP] Check Pods Manifest.lock */ = {
			isa = PBXShellScriptBuildPhase;
			buildActionMask = 2147483647;
			files = (
			);
			inputFileListPaths = (
			);
			inputPaths = (
				"${PODS_PODFILE_DIR_PATH}/Podfile.lock",
				"${PODS_ROOT}/Manifest.lock",
			);
			name = "[CP] Check Pods Manifest.lock";
			outputFileListPaths = (
			);
			outputPaths = (
				"$(DERIVED_FILE_DIR)/Pods-MVVMTestDemo-checkManifestLockResult.txt",
			);
			runOnlyForDeploymentPostprocessing = 0;
			shellPath = /bin/sh;
			shellScript = "diff \"${PODS_PODFILE_DIR_PATH}/Podfile.lock\" \"${PODS_ROOT}/Manifest.lock\" > /dev/null\nif [ $? != 0 ] ; then\n    # print error to STDERR\n    echo \"error: The sandbox is not in sync with the Podfile.lock. Run 'pod install' or update your CocoaPods installation.\" >&2\n    exit 1\nfi\n# This output is used by Xcode 'outputs' to avoid re-running this script phase.\necho \"SUCCESS\" > \"${SCRIPT_OUTPUT_FILE_0}\"\n";
			showEnvVarsInLog = 0;
		};
		4A70E9EEA74A5EF80CE38F9D /* [CP] Check Pods Manifest.lock */ = {
			isa = PBXShellScriptBuildPhase;
			buildActionMask = 2147483647;
			files = (
			);
			inputFileListPaths = (
			);
			inputPaths = (
				"${PODS_PODFILE_DIR_PATH}/Podfile.lock",
				"${PODS_ROOT}/Manifest.lock",
			);
			name = "[CP] Check Pods Manifest.lock";
			outputFileListPaths = (
			);
			outputPaths = (
				"$(DERIVED_FILE_DIR)/Pods-MVVMTestDemo-MVVMTestDemoUITests-checkManifestLockResult.txt",
			);
			runOnlyForDeploymentPostprocessing = 0;
			shellPath = /bin/sh;
			shellScript = "diff \"${PODS_PODFILE_DIR_PATH}/Podfile.lock\" \"${PODS_ROOT}/Manifest.lock\" > /dev/null\nif [ $? != 0 ] ; then\n    # print error to STDERR\n    echo \"error: The sandbox is not in sync with the Podfile.lock. Run 'pod install' or update your CocoaPods installation.\" >&2\n    exit 1\nfi\n# This output is used by Xcode 'outputs' to avoid re-running this script phase.\necho \"SUCCESS\" > \"${SCRIPT_OUTPUT_FILE_0}\"\n";
			showEnvVarsInLog = 0;
		};
		9244E50C685A331423CCAC66 /* [CP] Embed Pods Frameworks */ = {
			isa = PBXShellScriptBuildPhase;
			buildActionMask = 2147483647;
			files = (
			);
			inputFileListPaths = (
				"${PODS_ROOT}/Target Support Files/Pods-MVVMTestDemo/Pods-MVVMTestDemo-frameworks-${CONFIGURATION}-input-files.xcfilelist",
			);
			name = "[CP] Embed Pods Frameworks";
			outputFileListPaths = (
				"${PODS_ROOT}/Target Support Files/Pods-MVVMTestDemo/Pods-MVVMTestDemo-frameworks-${CONFIGURATION}-output-files.xcfilelist",
			);
			runOnlyForDeploymentPostprocessing = 0;
			shellPath = /bin/sh;
			shellScript = "\"${PODS_ROOT}/Target Support Files/Pods-MVVMTestDemo/Pods-MVVMTestDemo-frameworks.sh\"\n";
			showEnvVarsInLog = 0;
		};
		A06748350384D817610BECB6 /* [CP] Embed Pods Frameworks */ = {
			isa = PBXShellScriptBuildPhase;
			buildActionMask = 2147483647;
			files = (
			);
			inputFileListPaths = (
				"${PODS_ROOT}/Target Support Files/Pods-MVVMTestDemo-MVVMTestDemoUITests/Pods-MVVMTestDemo-MVVMTestDemoUITests-frameworks-${CONFIGURATION}-input-files.xcfilelist",
			);
			name = "[CP] Embed Pods Frameworks";
			outputFileListPaths = (
				"${PODS_ROOT}/Target Support Files/Pods-MVVMTestDemo-MVVMTestDemoUITests/Pods-MVVMTestDemo-MVVMTestDemoUITests-frameworks-${CONFIGURATION}-output-files.xcfilelist",
			);
			runOnlyForDeploymentPostprocessing = 0;
			shellPath = /bin/sh;
			shellScript = "\"${PODS_ROOT}/Target Support Files/Pods-MVVMTestDemo-MVVMTestDemoUITests/Pods-MVVMTestDemo-MVVMTestDemoUITests-frameworks.sh\"\n";
			showEnvVarsInLog = 0;
		};
		E815F3440C3B350B4013A624 /* [CP] Check Pods Manifest.lock */ = {
			isa = PBXShellScriptBuildPhase;
			buildActionMask = 2147483647;
			files = (
			);
			inputFileListPaths = (
			);
			inputPaths = (
				"${PODS_PODFILE_DIR_PATH}/Podfile.lock",
				"${PODS_ROOT}/Manifest.lock",
			);
			name = "[CP] Check Pods Manifest.lock";
			outputFileListPaths = (
			);
			outputPaths = (
				"$(DERIVED_FILE_DIR)/Pods-MVVMTestDemoTests-checkManifestLockResult.txt",
			);
			runOnlyForDeploymentPostprocessing = 0;
			shellPath = /bin/sh;
			shellScript = "diff \"${PODS_PODFILE_DIR_PATH}/Podfile.lock\" \"${PODS_ROOT}/Manifest.lock\" > /dev/null\nif [ $? != 0 ] ; then\n    # print error to STDERR\n    echo \"error: The sandbox is not in sync with the Podfile.lock. Run 'pod install' or update your CocoaPods installation.\" >&2\n    exit 1\nfi\n# This output is used by Xcode 'outputs' to avoid re-running this script phase.\necho \"SUCCESS\" > \"${SCRIPT_OUTPUT_FILE_0}\"\n";
			showEnvVarsInLog = 0;
		};
/* End PBXShellScriptBuildPhase section */

/* Begin PBXSourcesBuildPhase section */
		1F034D132704796400053F20 /* Sources */ = {
			isa = PBXSourcesBuildPhase;
			buildActionMask = 2147483647;
			files = (
				1F034D1F2704796400053F20 /* ViewController.swift in Sources */,
				1F034D1B2704796400053F20 /* AppDelegate.swift in Sources */,
				1F034D5A2704810C00053F20 /* UserCell.swift in Sources */,
				1F034D5327047C2100053F20 /* UserModel.swift in Sources */,
				1F034D5527047C5E00053F20 /* UserViewModel.swift in Sources */,
				1F034D1D2704796400053F20 /* SceneDelegate.swift in Sources */,
			);
			runOnlyForDeploymentPostprocessing = 0;
		};
		1F034D292704796800053F20 /* Sources */ = {
			isa = PBXSourcesBuildPhase;
			buildActionMask = 2147483647;
			files = (
				1F034D322704796800053F20 /* MVVMTestDemoTests.swift in Sources */,
			);
			runOnlyForDeploymentPostprocessing = 0;
		};
		1F034D332704796800053F20 /* Sources */ = {
			isa = PBXSourcesBuildPhase;
			buildActionMask = 2147483647;
			files = (
				1F034D3C2704796800053F20 /* MVVMTestDemoUITests.swift in Sources */,
				1F034D3E2704796800053F20 /* MVVMTestDemoUITestsLaunchTests.swift in Sources */,
			);
			runOnlyForDeploymentPostprocessing = 0;
		};
/* End PBXSourcesBuildPhase section */

/* Begin PBXTargetDependency section */
		1F034D2F2704796800053F20 /* PBXTargetDependency */ = {
			isa = PBXTargetDependency;
			target = 1F034D162704796400053F20 /* MVVMTestDemo */;
			targetProxy = 1F034D2E2704796800053F20 /* PBXContainerItemProxy */;
		};
		1F034D392704796800053F20 /* PBXTargetDependency */ = {
			isa = PBXTargetDependency;
			target = 1F034D162704796400053F20 /* MVVMTestDemo */;
			targetProxy = 1F034D382704796800053F20 /* PBXContainerItemProxy */;
		};
/* End PBXTargetDependency section */

/* Begin PBXVariantGroup section */
		1F034D202704796400053F20 /* Main.storyboard */ = {
			isa = PBXVariantGroup;
			children = (
				1F034D212704796400053F20 /* Base */,
			);
			name = Main.storyboard;
			sourceTree = "<group>";
		};
		1F034D252704796800053F20 /* LaunchScreen.storyboard */ = {
			isa = PBXVariantGroup;
			children = (
				1F034D262704796800053F20 /* Base */,
			);
			name = LaunchScreen.storyboard;
			sourceTree = "<group>";
		};
/* End PBXVariantGroup section */

/* Begin XCBuildConfiguration section */
		1F034D3F2704796800053F20 /* Debug */ = {
			isa = XCBuildConfiguration;
			buildSettings = {
				ALWAYS_SEARCH_USER_PATHS = NO;
				CLANG_ANALYZER_NONNULL = YES;
				CLANG_ANALYZER_NUMBER_OBJECT_CONVERSION = YES_AGGRESSIVE;
				CLANG_CXX_LANGUAGE_STANDARD = "gnu++17";
				CLANG_CXX_LIBRARY = "libc++";
				CLANG_ENABLE_MODULES = YES;
				CLANG_ENABLE_OBJC_ARC = YES;
				CLANG_ENABLE_OBJC_WEAK = YES;
				CLANG_WARN_BLOCK_CAPTURE_AUTORELEASING = YES;
				CLANG_WARN_BOOL_CONVERSION = YES;
				CLANG_WARN_COMMA = YES;
				CLANG_WARN_CONSTANT_CONVERSION = YES;
				CLANG_WARN_DEPRECATED_OBJC_IMPLEMENTATIONS = YES;
				CLANG_WARN_DIRECT_OBJC_ISA_USAGE = YES_ERROR;
				CLANG_WARN_DOCUMENTATION_COMMENTS = YES;
				CLANG_WARN_EMPTY_BODY = YES;
				CLANG_WARN_ENUM_CONVERSION = YES;
				CLANG_WARN_INFINITE_RECURSION = YES;
				CLANG_WARN_INT_CONVERSION = YES;
				CLANG_WARN_NON_LITERAL_NULL_CONVERSION = YES;
				CLANG_WARN_OBJC_IMPLICIT_RETAIN_SELF = YES;
				CLANG_WARN_OBJC_LITERAL_CONVERSION = YES;
				CLANG_WARN_OBJC_ROOT_CLASS = YES_ERROR;
				CLANG_WARN_QUOTED_INCLUDE_IN_FRAMEWORK_HEADER = YES;
				CLANG_WARN_RANGE_LOOP_ANALYSIS = YES;
				CLANG_WARN_STRICT_PROTOTYPES = YES;
				CLANG_WARN_SUSPICIOUS_MOVE = YES;
				CLANG_WARN_UNGUARDED_AVAILABILITY = YES_AGGRESSIVE;
				CLANG_WARN_UNREACHABLE_CODE = YES;
				CLANG_WARN__DUPLICATE_METHOD_MATCH = YES;
				COPY_PHASE_STRIP = NO;
				DEBUG_INFORMATION_FORMAT = dwarf;
				ENABLE_STRICT_OBJC_MSGSEND = YES;
				ENABLE_TESTABILITY = YES;
				GCC_C_LANGUAGE_STANDARD = gnu11;
				GCC_DYNAMIC_NO_PIC = NO;
				GCC_NO_COMMON_BLOCKS = YES;
				GCC_OPTIMIZATION_LEVEL = 0;
				GCC_PREPROCESSOR_DEFINITIONS = (
					"DEBUG=1",
					"$(inherited)",
				);
				GCC_WARN_64_TO_32_BIT_CONVERSION = YES;
				GCC_WARN_ABOUT_RETURN_TYPE = YES_ERROR;
				GCC_WARN_UNDECLARED_SELECTOR = YES;
				GCC_WARN_UNINITIALIZED_AUTOS = YES_AGGRESSIVE;
				GCC_WARN_UNUSED_FUNCTION = YES;
				GCC_WARN_UNUSED_VARIABLE = YES;
				IPHONEOS_DEPLOYMENT_TARGET = 15.0;
				MTL_ENABLE_DEBUG_INFO = INCLUDE_SOURCE;
				MTL_FAST_MATH = YES;
				ONLY_ACTIVE_ARCH = YES;
				SDKROOT = iphoneos;
				SWIFT_ACTIVE_COMPILATION_CONDITIONS = DEBUG;
				SWIFT_OPTIMIZATION_LEVEL = "-Onone";
			};
			name = Debug;
		};
		1F034D402704796800053F20 /* Release */ = {
			isa = XCBuildConfiguration;
			buildSettings = {
				ALWAYS_SEARCH_USER_PATHS = NO;
				CLANG_ANALYZER_NONNULL = YES;
				CLANG_ANALYZER_NUMBER_OBJECT_CONVERSION = YES_AGGRESSIVE;
				CLANG_CXX_LANGUAGE_STANDARD = "gnu++17";
				CLANG_CXX_LIBRARY = "libc++";
				CLANG_ENABLE_MODULES = YES;
				CLANG_ENABLE_OBJC_ARC = YES;
				CLANG_ENABLE_OBJC_WEAK = YES;
				CLANG_WARN_BLOCK_CAPTURE_AUTORELEASING = YES;
				CLANG_WARN_BOOL_CONVERSION = YES;
				CLANG_WARN_COMMA = YES;
				CLANG_WARN_CONSTANT_CONVERSION = YES;
				CLANG_WARN_DEPRECATED_OBJC_IMPLEMENTATIONS = YES;
				CLANG_WARN_DIRECT_OBJC_ISA_USAGE = YES_ERROR;
				CLANG_WARN_DOCUMENTATION_COMMENTS = YES;
				CLANG_WARN_EMPTY_BODY = YES;
				CLANG_WARN_ENUM_CONVERSION = YES;
				CLANG_WARN_INFINITE_RECURSION = YES;
				CLANG_WARN_INT_CONVERSION = YES;
				CLANG_WARN_NON_LITERAL_NULL_CONVERSION = YES;
				CLANG_WARN_OBJC_IMPLICIT_RETAIN_SELF = YES;
				CLANG_WARN_OBJC_LITERAL_CONVERSION = YES;
				CLANG_WARN_OBJC_ROOT_CLASS = YES_ERROR;
				CLANG_WARN_QUOTED_INCLUDE_IN_FRAMEWORK_HEADER = YES;
				CLANG_WARN_RANGE_LOOP_ANALYSIS = YES;
				CLANG_WARN_STRICT_PROTOTYPES = YES;
				CLANG_WARN_SUSPICIOUS_MOVE = YES;
				CLANG_WARN_UNGUARDED_AVAILABILITY = YES_AGGRESSIVE;
				CLANG_WARN_UNREACHABLE_CODE = YES;
				CLANG_WARN__DUPLICATE_METHOD_MATCH = YES;
				COPY_PHASE_STRIP = NO;
				DEBUG_INFORMATION_FORMAT = "dwarf-with-dsym";
				ENABLE_NS_ASSERTIONS = NO;
				ENABLE_STRICT_OBJC_MSGSEND = YES;
				GCC_C_LANGUAGE_STANDARD = gnu11;
				GCC_NO_COMMON_BLOCKS = YES;
				GCC_WARN_64_TO_32_BIT_CONVERSION = YES;
				GCC_WARN_ABOUT_RETURN_TYPE = YES_ERROR;
				GCC_WARN_UNDECLARED_SELECTOR = YES;
				GCC_WARN_UNINITIALIZED_AUTOS = YES_AGGRESSIVE;
				GCC_WARN_UNUSED_FUNCTION = YES;
				GCC_WARN_UNUSED_VARIABLE = YES;
				IPHONEOS_DEPLOYMENT_TARGET = 15.0;
				MTL_ENABLE_DEBUG_INFO = NO;
				MTL_FAST_MATH = YES;
				SDKROOT = iphoneos;
				SWIFT_COMPILATION_MODE = wholemodule;
				SWIFT_OPTIMIZATION_LEVEL = "-O";
				VALIDATE_PRODUCT = YES;
			};
			name = Release;
		};
		1F034D422704796800053F20 /* Debug */ = {
			isa = XCBuildConfiguration;
			baseConfigurationReference = E66661E995FE1F5CD2BF13C6 /* Pods-MVVMTestDemo.debug.xcconfig */;
			buildSettings = {
				ASSETCATALOG_COMPILER_APPICON_NAME = AppIcon;
				ASSETCATALOG_COMPILER_GLOBAL_ACCENT_COLOR_NAME = AccentColor;
				CODE_SIGN_STYLE = Automatic;
				CURRENT_PROJECT_VERSION = 1;
				GENERATE_INFOPLIST_FILE = YES;
				INFOPLIST_FILE = MVVMTestDemo/Info.plist;
				INFOPLIST_KEY_UIApplicationSupportsIndirectInputEvents = YES;
				INFOPLIST_KEY_UILaunchStoryboardName = LaunchScreen;
				INFOPLIST_KEY_UIMainStoryboardFile = Main;
				INFOPLIST_KEY_UISupportedInterfaceOrientations_iPad = "UIInterfaceOrientationPortrait UIInterfaceOrientationPortraitUpsideDown UIInterfaceOrientationLandscapeLeft UIInterfaceOrientationLandscapeRight";
				INFOPLIST_KEY_UISupportedInterfaceOrientations_iPhone = "UIInterfaceOrientationPortrait UIInterfaceOrientationLandscapeLeft UIInterfaceOrientationLandscapeRight";
				LD_RUNPATH_SEARCH_PATHS = (
					"$(inherited)",
					"@executable_path/Frameworks",
				);
				MARKETING_VERSION = 1.0;
				PRODUCT_BUNDLE_IDENTIFIER = com.mvvm.MVVMTestDemo;
				PRODUCT_NAME = "$(TARGET_NAME)";
				SWIFT_EMIT_LOC_STRINGS = YES;
				SWIFT_VERSION = 5.0;
				TARGETED_DEVICE_FAMILY = "1,2";
			};
			name = Debug;
		};
		1F034D432704796800053F20 /* Release */ = {
			isa = XCBuildConfiguration;
			baseConfigurationReference = B03F90B88FFADDB9D7367A3A /* Pods-MVVMTestDemo.release.xcconfig */;
			buildSettings = {
				ASSETCATALOG_COMPILER_APPICON_NAME = AppIcon;
				ASSETCATALOG_COMPILER_GLOBAL_ACCENT_COLOR_NAME = AccentColor;
				CODE_SIGN_STYLE = Automatic;
				CURRENT_PROJECT_VERSION = 1;
				GENERATE_INFOPLIST_FILE = YES;
				INFOPLIST_FILE = MVVMTestDemo/Info.plist;
				INFOPLIST_KEY_UIApplicationSupportsIndirectInputEvents = YES;
				INFOPLIST_KEY_UILaunchStoryboardName = LaunchScreen;
				INFOPLIST_KEY_UIMainStoryboardFile = Main;
				INFOPLIST_KEY_UISupportedInterfaceOrientations_iPad = "UIInterfaceOrientationPortrait UIInterfaceOrientationPortraitUpsideDown UIInterfaceOrientationLandscapeLeft UIInterfaceOrientationLandscapeRight";
				INFOPLIST_KEY_UISupportedInterfaceOrientations_iPhone = "UIInterfaceOrientationPortrait UIInterfaceOrientationLandscapeLeft UIInterfaceOrientationLandscapeRight";
				LD_RUNPATH_SEARCH_PATHS = (
					"$(inherited)",
					"@executable_path/Frameworks",
				);
				MARKETING_VERSION = 1.0;
				PRODUCT_BUNDLE_IDENTIFIER = com.mvvm.MVVMTestDemo;
				PRODUCT_NAME = "$(TARGET_NAME)";
				SWIFT_EMIT_LOC_STRINGS = YES;
				SWIFT_VERSION = 5.0;
				TARGETED_DEVICE_FAMILY = "1,2";
			};
			name = Release;
		};
		1F034D452704796800053F20 /* Debug */ = {
			isa = XCBuildConfiguration;
			baseConfigurationReference = FA0EC102C09C405D1FE06852 /* Pods-MVVMTestDemoTests.debug.xcconfig */;
			buildSettings = {
				ALWAYS_EMBED_SWIFT_STANDARD_LIBRARIES = YES;
				BUNDLE_LOADER = "$(TEST_HOST)";
				CODE_SIGN_STYLE = Automatic;
				CURRENT_PROJECT_VERSION = 1;
				GENERATE_INFOPLIST_FILE = YES;
				IPHONEOS_DEPLOYMENT_TARGET = 15.0;
				LD_RUNPATH_SEARCH_PATHS = (
					"$(inherited)",
					"@executable_path/Frameworks",
					"@loader_path/Frameworks",
				);
				MARKETING_VERSION = 1.0;
				PRODUCT_BUNDLE_IDENTIFIER = com.mvvm.MVVMTestDemoTests;
				PRODUCT_NAME = "$(TARGET_NAME)";
				SWIFT_EMIT_LOC_STRINGS = NO;
				SWIFT_VERSION = 5.0;
				TARGETED_DEVICE_FAMILY = "1,2";
				TEST_HOST = "$(BUILT_PRODUCTS_DIR)/MVVMTestDemo.app/MVVMTestDemo";
			};
			name = Debug;
		};
		1F034D462704796800053F20 /* Release */ = {
			isa = XCBuildConfiguration;
			baseConfigurationReference = 384B6DF64B049E198FE1CBA0 /* Pods-MVVMTestDemoTests.release.xcconfig */;
			buildSettings = {
				ALWAYS_EMBED_SWIFT_STANDARD_LIBRARIES = YES;
				BUNDLE_LOADER = "$(TEST_HOST)";
				CODE_SIGN_STYLE = Automatic;
				CURRENT_PROJECT_VERSION = 1;
				GENERATE_INFOPLIST_FILE = YES;
				IPHONEOS_DEPLOYMENT_TARGET = 15.0;
				LD_RUNPATH_SEARCH_PATHS = (
					"$(inherited)",
					"@executable_path/Frameworks",
					"@loader_path/Frameworks",
				);
				MARKETING_VERSION = 1.0;
				PRODUCT_BUNDLE_IDENTIFIER = com.mvvm.MVVMTestDemoTests;
				PRODUCT_NAME = "$(TARGET_NAME)";
				SWIFT_EMIT_LOC_STRINGS = NO;
				SWIFT_VERSION = 5.0;
				TARGETED_DEVICE_FAMILY = "1,2";
				TEST_HOST = "$(BUILT_PRODUCTS_DIR)/MVVMTestDemo.app/MVVMTestDemo";
			};
			name = Release;
		};
		1F034D482704796800053F20 /* Debug */ = {
			isa = XCBuildConfiguration;
			baseConfigurationReference = 8E59539A642624B3A7AC3FD8 /* Pods-MVVMTestDemo-MVVMTestDemoUITests.debug.xcconfig */;
			buildSettings = {
				ALWAYS_EMBED_SWIFT_STANDARD_LIBRARIES = YES;
				CODE_SIGN_STYLE = Automatic;
				CURRENT_PROJECT_VERSION = 1;
				GENERATE_INFOPLIST_FILE = YES;
				LD_RUNPATH_SEARCH_PATHS = (
					"$(inherited)",
					"@executable_path/Frameworks",
					"@loader_path/Frameworks",
				);
				MARKETING_VERSION = 1.0;
				PRODUCT_BUNDLE_IDENTIFIER = com.mvvm.MVVMTestDemoUITests;
				PRODUCT_NAME = "$(TARGET_NAME)";
				SWIFT_EMIT_LOC_STRINGS = NO;
				SWIFT_VERSION = 5.0;
				TARGETED_DEVICE_FAMILY = "1,2";
				TEST_TARGET_NAME = MVVMTestDemo;
			};
			name = Debug;
		};
		1F034D492704796800053F20 /* Release */ = {
			isa = XCBuildConfiguration;
			baseConfigurationReference = E4CF9BACADE68A50B5AF00D4 /* Pods-MVVMTestDemo-MVVMTestDemoUITests.release.xcconfig */;
			buildSettings = {
				ALWAYS_EMBED_SWIFT_STANDARD_LIBRARIES = YES;
				CODE_SIGN_STYLE = Automatic;
				CURRENT_PROJECT_VERSION = 1;
				GENERATE_INFOPLIST_FILE = YES;
				LD_RUNPATH_SEARCH_PATHS = (
					"$(inherited)",
					"@executable_path/Frameworks",
					"@loader_path/Frameworks",
				);
				MARKETING_VERSION = 1.0;
				PRODUCT_BUNDLE_IDENTIFIER = com.mvvm.MVVMTestDemoUITests;
				PRODUCT_NAME = "$(TARGET_NAME)";
				SWIFT_EMIT_LOC_STRINGS = NO;
				SWIFT_VERSION = 5.0;
				TARGETED_DEVICE_FAMILY = "1,2";
				TEST_TARGET_NAME = MVVMTestDemo;
			};
			name = Release;
		};
/* End XCBuildConfiguration section */

/* Begin XCConfigurationList section */
		1F034D122704796400053F20 /* Build configuration list for PBXProject "MVVMTestDemo" */ = {
			isa = XCConfigurationList;
			buildConfigurations = (
				1F034D3F2704796800053F20 /* Debug */,
				1F034D402704796800053F20 /* Release */,
			);
			defaultConfigurationIsVisible = 0;
			defaultConfigurationName = Release;
		};
		1F034D412704796800053F20 /* Build configuration list for PBXNativeTarget "MVVMTestDemo" */ = {
			isa = XCConfigurationList;
			buildConfigurations = (
				1F034D422704796800053F20 /* Debug */,
				1F034D432704796800053F20 /* Release */,
			);
			defaultConfigurationIsVisible = 0;
			defaultConfigurationName = Release;
		};
		1F034D442704796800053F20 /* Build configuration list for PBXNativeTarget "MVVMTestDemoTests" */ = {
			isa = XCConfigurationList;
			buildConfigurations = (
				1F034D452704796800053F20 /* Debug */,
				1F034D462704796800053F20 /* Release */,
			);
			defaultConfigurationIsVisible = 0;
			defaultConfigurationName = Release;
		};
		1F034D472704796800053F20 /* Build configuration list for PBXNativeTarget "MVVMTestDemoUITests" */ = {
			isa = XCConfigurationList;
			buildConfigurations = (
				1F034D482704796800053F20 /* Debug */,
				1F034D492704796800053F20 /* Release */,
			);
			defaultConfigurationIsVisible = 0;
			defaultConfigurationName = Release;
		};
/* End XCConfigurationList section */
	};
	rootObject = 1F034D0F2704796400053F20 /* Project object */;
}
